
Microsoft Visual Studio Solution File, Format Version 12.00
# Visual Studio Version 16
VisualStudioVersion = 25.0.1706.3
MinimumVisualStudioVersion = 10.0.40219.1
Project("{FAE04EC0-301F-11D3-BF4B-00C04F79EFBC}") = "FirstCoreWebApplication", "FirstCoreWebApplication\FirstCoreWebApplication.csproj", "{14F9B08C-7230-4B1C-91B6-F2816A04A0C0}"
EndProject
Project("{FAE04EC0-301F-11D3-BF4B-00C04F79EFBC}") = "SecondCoreWebApplication", "..\SecondCoreWebApplication\SecondCoreWebApplication\SecondCoreWebApplication.csproj", "{9C71FDD0-3293-432D-95C6-1A4D8167AFBB}"
EndProject
Global
	GlobalSection(SolutionConfigurationPlatforms) = preSolution
		Debug|Any CPU = Debug|Any CPU
		Release|Any CPU = Release|Any CPU
	EndGlobalSection
	GlobalSection(ProjectConfigurationPlatforms) = postSolution
		{14F9B08C-7230-4B1C-91B6-F2816A04A0C0}.Debug|Any CPU.ActiveCfg = Debug|Any CPU
		{14F9B08C-7230-4B1C-91B6-F2816A04A0C0}.Debug|Any CPU.Build.0 = Debug|Any CPU
		{14F9B08C-7230-4B1C-91B6-F2816A04A0C0}.Release|Any CPU.ActiveCfg = Release|Any CPU
		{14F9B08C-7230-4B1C-91B6-F2816A04A0C0}.Release|Any CPU.Build.0 = Release|Any CPU
		{9C71FDD0-3293-432D-95C6-1A4D8167AFBB}.Debug|Any CPU.ActiveCfg = Debug|Any CPU
		{9C71FDD0-3293-432D-95C6-1A4D8167AFBB}.Debug|Any CPU.Build.0 = Debug|Any CPU
		{9C71FDD0-3293-432D-95C6-1A4D8167AFBB}.Release|Any CPU.ActiveCfg = Release|Any CPU
		{9C71FDD0-3293-432D-95C6-1A4D8167AFBB}.Release|Any CPU.Build.0 = Release|Any CPU
	EndGlobalSection
	GlobalSection(SolutionProperties) = preSolution
		HideSolutionNode = FALSE
	EndGlobalSection
	GlobalSection(ExtensibilityGlobals) = postSolution
		SolutionGuid = {A9060298-03E3-409C-BB4F-03C16358FD9A}
	EndGlobalSection
EndGlobal
